
Microsoft Visual Studio Solution File, Format Version 12.00
# Visual Studio 2012
Project("{FAE04EC0-301F-11D3-BF4B-00C04F79EFBC}") = "VS_enC", "VS_enC\VS_enC.csproj", "{CBFCAAC3-781E-4A62-A95E-D450F0F0F173}"
EndProject
Global
	GlobalSection(SolutionConfigurationPlatforms) = preSolution
		Debug|x86 = Debug|x86
		Release|x86 = Release|x86
	EndGlobalSection
	GlobalSection(ProjectConfigurationPlatforms) = postSolution
		{CBFCAAC3-781E-4A62-A95E-D450F0F0F173}.Debug|x86.ActiveCfg = Debug|x86
		{CBFCAAC3-781E-4A62-A95E-D450F0F0F173}.Debug|x86.Build.0 = Debug|x86
		{CBFCAAC3-781E-4A62-A95E-D450F0F0F173}.Release|x86.ActiveCfg = Release|x86
		{CBFCAAC3-781E-4A62-A95E-D450F0F0F173}.Release|x86.Build.0 = Release|x86
	EndGlobalSection
EndGlobal
